
Microsoft Visual Studio Solution File, Format Version 12.00
# Visual Studio 15
VisualStudioVersion = 15.0.27428.2015
MinimumVisualStudioVersion = 10.0.40219.1
Project("{FAE04EC0-301F-11D3-BF4B-00C04F79EFBC}") = "Deutsch Algorithm", "Deutsch Algorithm\Deutsch Algorithm.csproj", "{3C06CEED-83DD-465C-9ABE-CED0B16A6458}"
EndProject
Global
	GlobalSection(SolutionConfigurationPlatforms) = preSolution
		Debug|Any CPU = Debug|Any CPU
		Release|Any CPU = Release|Any CPU
	EndGlobalSection
	GlobalSection(ProjectConfigurationPlatforms) = postSolution
		{3C06CEED-83DD-465C-9ABE-CED0B16A6458}.Debug|Any CPU.ActiveCfg = Debug|Any CPU
		{3C06CEED-83DD-465C-9ABE-CED0B16A6458}.Debug|Any CPU.Build.0 = Debug|Any CPU
		{3C06CEED-83DD-465C-9ABE-CED0B16A6458}.Release|Any CPU.ActiveCfg = Release|Any CPU
		{3C06CEED-83DD-465C-9ABE-CED0B16A6458}.Release|Any CPU.Build.0 = Release|Any CPU
	EndGlobalSection
	GlobalSection(SolutionProperties) = preSolution
		HideSolutionNode = FALSE
	EndGlobalSection
	GlobalSection(ExtensibilityGlobals) = postSolution
		SolutionGuid = {ED2F7146-67D0-418C-9E18-9275CC5AFC2A}
	EndGlobalSection
EndGlobal
